
Microsoft Visual Studio Solution File, Format Version 12.00
# Visual Studio Version 17
VisualStudioVersion = 17.5.33627.172
MinimumVisualStudioVersion = 10.0.40219.1
Project("{8BC9CEB8-8B4A-11D0-8D11-00A0C91BC942}") = "EmbedXrpcSerialization", "EmbedXrpcSerialization\EmbedXrpcSerialization.vcxproj", "{4A98358D-F434-4871-86A0-7B5242AFBF46}"
EndProject
Project("{2150E333-8FDC-42A3-9474-1A3956D46DE8}") = "Solution Items", "Solution Items", "{4BF9C443-A0FB-4B40-A4C8-3D56ED390846}"
	ProjectSection(SolutionItems) = preProject
		PublishVersion\ChangeNote.txt = PublishVersion\ChangeNote.txt
		genResources.ps1 = genResources.ps1
		readme.md = readme.md
		网图1.jpg = 网图1.jpg
	EndProjectSection
EndProject
Project("{9A19103F-16F7-4668-BE54-9A1E7A4F7556}") = "EmbedXrpc.CSharp.Test", "EmbedXrpc.CSharp.Test\EmbedXrpc.CSharp.Test.csproj", "{03C622BD-2F5C-4F2E-A2BA-A7A798B70E30}"
EndProject
Project("{FAE04EC0-301F-11D3-BF4B-00C04F79EFBC}") = "EmbedXrpcIdlParser", "EmbedXrpcIdlParser\EmbedXrpcIdlParser.csproj", "{CD6A6A8E-558E-4057-986F-B831A9590003}"
EndProject
Project("{8BC9CEB8-8B4A-11D0-8D11-00A0C91BC942}") = "Sample1", "Sample1\Sample1.vcxproj", "{B5E03E5B-7B5D-41FA-ADA8-871DC37E2C07}"
EndProject
Project("{8BC9CEB8-8B4A-11D0-8D11-00A0C91BC942}") = "EmbedLibrary", "EmbedLibrary\EmbedLibrary.vcxproj", "{088E595D-FB3F-4956-81FC-C3EDA7982A56}"
EndProject
Project("{8BC9CEB8-8B4A-11D0-8D11-00A0C91BC942}") = "Sample2", "Sample2\Sample2.vcxproj", "{37C0B806-A526-4B66-97B0-209B28844FE1}"
EndProject
Project("{8BC9CEB8-8B4A-11D0-8D11-00A0C91BC942}") = "Sample3", "Sample3\Sample3.vcxproj", "{9F979288-3C52-468C-BD25-A9931BBB2491}"
EndProject
Project("{8BC9CEB8-8B4A-11D0-8D11-00A0C91BC942}") = "Sample4", "Sample4\Sample4.vcxproj", "{99C32527-61FC-4FEF-A513-83499D315128}"
EndProject
Project("{FAE04EC0-301F-11D3-BF4B-00C04F79EFBC}") = "EmbedXrpc.CSharp.NF", "EmbedXrpc.CSharp.NF\EmbedXrpc.CSharp.NF.csproj", "{56C87C3A-126B-419B-9B04-4120748AECB4}"
EndProject
Project("{9A19103F-16F7-4668-BE54-9A1E7A4F7556}") = "EmbedXrpc.CSharp.NetCore", "EmbedXrpc.CSharp.NetCore\EmbedXrpc.CSharp.NetCore.csproj", "{7E8A9B20-1682-4602-8034-3FE4F1828506}"
EndProject
Project("{FAE04EC0-301F-11D3-BF4B-00C04F79EFBC}") = "TestCodeGenSpeed", "TestCodeGenSpeed\TestCodeGenSpeed.csproj", "{8888C1B0-2766-4071-867F-EAF0F6AE1459}"
EndProject
Project("{9A19103F-16F7-4668-BE54-9A1E7A4F7556}") = "Win32Queue.NetCore", "Win32Queue.NetCore\Win32Queue.NetCore.csproj", "{49C1883F-9DBF-473E-A508-587E28EE7F2B}"
EndProject
Global
	GlobalSection(SolutionConfigurationPlatforms) = preSolution
		Debug|Any CPU = Debug|Any CPU
		Debug|x64 = Debug|x64
		Debug|x86 = Debug|x86
		Release|Any CPU = Release|Any CPU
		Release|x64 = Release|x64
		Release|x86 = Release|x86
	EndGlobalSection
	GlobalSection(ProjectConfigurationPlatforms) = postSolution
		{4A98358D-F434-4871-86A0-7B5242AFBF46}.Debug|Any CPU.ActiveCfg = Debug|Win32
		{4A98358D-F434-4871-86A0-7B5242AFBF46}.Debug|x64.ActiveCfg = Debug|x64
		{4A98358D-F434-4871-86A0-7B5242AFBF46}.Debug|x64.Build.0 = Debug|x64
		{4A98358D-F434-4871-86A0-7B5242AFBF46}.Debug|x86.ActiveCfg = Debug|Win32
		{4A98358D-F434-4871-86A0-7B5242AFBF46}.Release|Any CPU.ActiveCfg = Release|Win32
		{4A98358D-F434-4871-86A0-7B5242AFBF46}.Release|x64.ActiveCfg = Release|x64
		{4A98358D-F434-4871-86A0-7B5242AFBF46}.Release|x64.Build.0 = Release|x64
		{4A98358D-F434-4871-86A0-7B5242AFBF46}.Release|x86.ActiveCfg = Release|Win32
		{4A98358D-F434-4871-86A0-7B5242AFBF46}.Release|x86.Build.0 = Release|Win32
		{03C622BD-2F5C-4F2E-A2BA-A7A798B70E30}.Debug|Any CPU.ActiveCfg = Debug|Any CPU
		{03C622BD-2F5C-4F2E-A2BA-A7A798B70E30}.Debug|Any CPU.Build.0 = Debug|Any CPU
		{03C622BD-2F5C-4F2E-A2BA-A7A798B70E30}.Debug|x64.ActiveCfg = Debug|Any CPU
		{03C622BD-2F5C-4F2E-A2BA-A7A798B70E30}.Debug|x64.Build.0 = Debug|Any CPU
		{03C622BD-2F5C-4F2E-A2BA-A7A798B70E30}.Debug|x86.ActiveCfg = Debug|x86
		{03C622BD-2F5C-4F2E-A2BA-A7A798B70E30}.Debug|x86.Build.0 = Debug|x86
		{03C622BD-2F5C-4F2E-A2BA-A7A798B70E30}.Release|Any CPU.ActiveCfg = Release|Any CPU
		{03C622BD-2F5C-4F2E-A2BA-A7A798B70E30}.Release|Any CPU.Build.0 = Release|Any CPU
		{03C622BD-2F5C-4F2E-A2BA-A7A798B70E30}.Release|x64.ActiveCfg = Release|Any CPU
		{03C622BD-2F5C-4F2E-A2BA-A7A798B70E30}.Release|x64.Build.0 = Release|Any CPU
		{03C622BD-2F5C-4F2E-A2BA-A7A798B70E30}.Release|x86.ActiveCfg = Release|Any CPU
		{03C622BD-2F5C-4F2E-A2BA-A7A798B70E30}.Release|x86.Build.0 = Release|Any CPU
		{CD6A6A8E-558E-4057-986F-B831A9590003}.Debug|Any CPU.ActiveCfg = Debug|Any CPU
		{CD6A6A8E-558E-4057-986F-B831A9590003}.Debug|Any CPU.Build.0 = Debug|Any CPU
		{CD6A6A8E-558E-4057-986F-B831A9590003}.Debug|x64.ActiveCfg = Debug|Any CPU
		{CD6A6A8E-558E-4057-986F-B831A9590003}.Debug|x64.Build.0 = Debug|Any CPU
		{CD6A6A8E-558E-4057-986F-B831A9590003}.Debug|x86.ActiveCfg = Debug|x86
		{CD6A6A8E-558E-4057-986F-B831A9590003}.Debug|x86.Build.0 = Debug|x86
		{CD6A6A8E-558E-4057-986F-B831A9590003}.Release|Any CPU.ActiveCfg = Release|Any CPU
		{CD6A6A8E-558E-4057-986F-B831A9590003}.Release|Any CPU.Build.0 = Release|Any CPU
		{CD6A6A8E-558E-4057-986F-B831A9590003}.Release|x64.ActiveCfg = Release|Any CPU
		{CD6A6A8E-558E-4057-986F-B831A9590003}.Release|x64.Build.0 = Release|Any CPU
		{CD6A6A8E-558E-4057-986F-B831A9590003}.Release|x86.ActiveCfg = Release|Any CPU
		{CD6A6A8E-558E-4057-986F-B831A9590003}.Release|x86.Build.0 = Release|Any CPU
		{B5E03E5B-7B5D-41FA-ADA8-871DC37E2C07}.Debug|Any CPU.ActiveCfg = Debug|Win32
		{B5E03E5B-7B5D-41FA-ADA8-871DC37E2C07}.Debug|x64.ActiveCfg = Debug|x64
		{B5E03E5B-7B5D-41FA-ADA8-871DC37E2C07}.Debug|x64.Build.0 = Debug|x64
		{B5E03E5B-7B5D-41FA-ADA8-871DC37E2C07}.Debug|x86.ActiveCfg = Debug|Win32
		{B5E03E5B-7B5D-41FA-ADA8-871DC37E2C07}.Debug|x86.Build.0 = Debug|Win32
		{B5E03E5B-7B5D-41FA-ADA8-871DC37E2C07}.Release|Any CPU.ActiveCfg = Release|Win32
		{B5E03E5B-7B5D-41FA-ADA8-871DC37E2C07}.Release|x64.ActiveCfg = Release|x64
		{B5E03E5B-7B5D-41FA-ADA8-871DC37E2C07}.Release|x64.Build.0 = Release|x64
		{B5E03E5B-7B5D-41FA-ADA8-871DC37E2C07}.Release|x86.ActiveCfg = Release|Win32
		{B5E03E5B-7B5D-41FA-ADA8-871DC37E2C07}.Release|x86.Build.0 = Release|Win32
		{088E595D-FB3F-4956-81FC-C3EDA7982A56}.Debug|Any CPU.ActiveCfg = Debug|Win32
		{088E595D-FB3F-4956-81FC-C3EDA7982A56}.Debug|x64.ActiveCfg = Debug|x64
		{088E595D-FB3F-4956-81FC-C3EDA7982A56}.Debug|x64.Build.0 = Debug|x64
		{088E595D-FB3F-4956-81FC-C3EDA7982A56}.Debug|x86.ActiveCfg = Debug|Win32
		{088E595D-FB3F-4956-81FC-C3EDA7982A56}.Debug|x86.Build.0 = Debug|Win32
		{088E595D-FB3F-4956-81FC-C3EDA7982A56}.Release|Any CPU.ActiveCfg = Release|Win32
		{088E595D-FB3F-4956-81FC-C3EDA7982A56}.Release|x64.ActiveCfg = Release|x64
		{088E595D-FB3F-4956-81FC-C3EDA7982A56}.Release|x64.Build.0 = Release|x64
		{088E595D-FB3F-4956-81FC-C3EDA7982A56}.Release|x86.ActiveCfg = Release|Win32
		{088E595D-FB3F-4956-81FC-C3EDA7982A56}.Release|x86.Build.0 = Release|Win32
		{37C0B806-A526-4B66-97B0-209B28844FE1}.Debug|Any CPU.ActiveCfg = Debug|Win32
		{37C0B806-A526-4B66-97B0-209B28844FE1}.Debug|x64.ActiveCfg = Debug|x64
		{37C0B806-A526-4B66-97B0-209B28844FE1}.Debug|x64.Build.0 = Debug|x64
		{37C0B806-A526-4B66-97B0-209B28844FE1}.Debug|x86.ActiveCfg = Debug|Win32
		{37C0B806-A526-4B66-97B0-209B28844FE1}.Debug|x86.Build.0 = Debug|Win32
		{37C0B806-A526-4B66-97B0-209B28844FE1}.Release|Any CPU.ActiveCfg = Release|Win32
		{37C0B806-A526-4B66-97B0-209B28844FE1}.Release|x64.ActiveCfg = Release|x64
		{37C0B806-A526-4B66-97B0-209B28844FE1}.Release|x64.Build.0 = Release|x64
		{37C0B806-A526-4B66-97B0-209B28844FE1}.Release|x86.ActiveCfg = Release|Win32
		{37C0B806-A526-4B66-97B0-209B28844FE1}.Release|x86.Build.0 = Release|Win32
		{9F979288-3C52-468C-BD25-A9931BBB2491}.Debug|Any CPU.ActiveCfg = Debug|Win32
		{9F979288-3C52-468C-BD25-A9931BBB2491}.Debug|x64.ActiveCfg = Debug|x64
		{9F979288-3C52-468C-BD25-A9931BBB2491}.Debug|x64.Build.0 = Debug|x64
		{9F979288-3C52-468C-BD25-A9931BBB2491}.Debug|x86.ActiveCfg = Debug|Win32
		{9F979288-3C52-468C-BD25-A9931BBB2491}.Debug|x86.Build.0 = Debug|Win32
		{9F979288-3C52-468C-BD25-A9931BBB2491}.Release|Any CPU.ActiveCfg = Release|Win32
		{9F979288-3C52-468C-BD25-A9931BBB2491}.Release|x64.ActiveCfg = Release|x64
		{9F979288-3C52-468C-BD25-A9931BBB2491}.Release|x64.Build.0 = Release|x64
		{9F979288-3C52-468C-BD25-A9931BBB2491}.Release|x86.ActiveCfg = Release|Win32
		{9F979288-3C52-468C-BD25-A9931BBB2491}.Release|x86.Build.0 = Release|Win32
		{99C32527-61FC-4FEF-A513-83499D315128}.Debug|Any CPU.ActiveCfg = Debug|Win32
		{99C32527-61FC-4FEF-A513-83499D315128}.Debug|x64.ActiveCfg = Debug|x64
		{99C32527-61FC-4FEF-A513-83499D315128}.Debug|x64.Build.0 = Debug|x64
		{99C32527-61FC-4FEF-A513-83499D315128}.Debug|x86.ActiveCfg = Debug|Win32
		{99C32527-61FC-4FEF-A513-83499D315128}.Debug|x86.Build.0 = Debug|Win32
		{99C32527-61FC-4FEF-A513-83499D315128}.Release|Any CPU.ActiveCfg = Release|Win32
		{99C32527-61FC-4FEF-A513-83499D315128}.Release|x64.ActiveCfg = Release|x64
		{99C32527-61FC-4FEF-A513-83499D315128}.Release|x64.Build.0 = Release|x64
		{99C32527-61FC-4FEF-A513-83499D315128}.Release|x86.ActiveCfg = Release|Win32
		{99C32527-61FC-4FEF-A513-83499D315128}.Release|x86.Build.0 = Release|Win32
		{56C87C3A-126B-419B-9B04-4120748AECB4}.Debug|Any CPU.ActiveCfg = Debug|Any CPU
		{56C87C3A-126B-419B-9B04-4120748AECB4}.Debug|Any CPU.Build.0 = Debug|Any CPU
		{56C87C3A-126B-419B-9B04-4120748AECB4}.Debug|x64.ActiveCfg = Debug|Any CPU
		{56C87C3A-126B-419B-9B04-4120748AECB4}.Debug|x64.Build.0 = Debug|Any CPU
		{56C87C3A-126B-419B-9B04-4120748AECB4}.Debug|x86.ActiveCfg = Debug|Any CPU
		{56C87C3A-126B-419B-9B04-4120748AECB4}.Debug|x86.Build.0 = Debug|Any CPU
		{56C87C3A-126B-419B-9B04-4120748AECB4}.Release|Any CPU.ActiveCfg = Release|Any CPU
		{56C87C3A-126B-419B-9B04-4120748AECB4}.Release|Any CPU.Build.0 = Release|Any CPU
		{56C87C3A-126B-419B-9B04-4120748AECB4}.Release|x64.ActiveCfg = Release|Any CPU
		{56C87C3A-126B-419B-9B04-4120748AECB4}.Release|x64.Build.0 = Release|Any CPU
		{56C87C3A-126B-419B-9B04-4120748AECB4}.Release|x86.ActiveCfg = Release|Any CPU
		{56C87C3A-126B-419B-9B04-4120748AECB4}.Release|x86.Build.0 = Release|Any CPU
		{7E8A9B20-1682-4602-8034-3FE4F1828506}.Debug|Any CPU.ActiveCfg = Debug|Any CPU
		{7E8A9B20-1682-4602-8034-3FE4F1828506}.Debug|Any CPU.Build.0 = Debug|Any CPU
		{7E8A9B20-1682-4602-8034-3FE4F1828506}.Debug|x64.ActiveCfg = Debug|Any CPU
		{7E8A9B20-1682-4602-8034-3FE4F1828506}.Debug|x64.Build.0 = Debug|Any CPU
		{7E8A9B20-1682-4602-8034-3FE4F1828506}.Debug|x86.ActiveCfg = Debug|Any CPU
		{7E8A9B20-1682-4602-8034-3FE4F1828506}.Debug|x86.Build.0 = Debug|Any CPU
		{7E8A9B20-1682-4602-8034-3FE4F1828506}.Release|Any CPU.ActiveCfg = Release|Any CPU
		{7E8A9B20-1682-4602-8034-3FE4F1828506}.Release|Any CPU.Build.0 = Release|Any CPU
		{7E8A9B20-1682-4602-8034-3FE4F1828506}.Release|x64.ActiveCfg = Release|Any CPU
		{7E8A9B20-1682-4602-8034-3FE4F1828506}.Release|x64.Build.0 = Release|Any CPU
		{7E8A9B20-1682-4602-8034-3FE4F1828506}.Release|x86.ActiveCfg = Release|x86
		{7E8A9B20-1682-4602-8034-3FE4F1828506}.Release|x86.Build.0 = Release|x86
		{8888C1B0-2766-4071-867F-EAF0F6AE1459}.Debug|Any CPU.ActiveCfg = Debug|Any CPU
		{8888C1B0-2766-4071-867F-EAF0F6AE1459}.Debug|Any CPU.Build.0 = Debug|Any CPU
		{8888C1B0-2766-4071-867F-EAF0F6AE1459}.Debug|x64.ActiveCfg = Debug|Any CPU
		{8888C1B0-2766-4071-867F-EAF0F6AE1459}.Debug|x64.Build.0 = Debug|Any CPU
		{8888C1B0-2766-4071-867F-EAF0F6AE1459}.Debug|x86.ActiveCfg = Debug|Any CPU
		{8888C1B0-2766-4071-867F-EAF0F6AE1459}.Debug|x86.Build.0 = Debug|Any CPU
		{8888C1B0-2766-4071-867F-EAF0F6AE1459}.Release|Any CPU.ActiveCfg = Release|Any CPU
		{8888C1B0-2766-4071-867F-EAF0F6AE1459}.Release|Any CPU.Build.0 = Release|Any CPU
		{8888C1B0-2766-4071-867F-EAF0F6AE1459}.Release|x64.ActiveCfg = Release|Any CPU
		{8888C1B0-2766-4071-867F-EAF0F6AE1459}.Release|x64.Build.0 = Release|Any CPU
		{8888C1B0-2766-4071-867F-EAF0F6AE1459}.Release|x86.ActiveCfg = Release|Any CPU
		{8888C1B0-2766-4071-867F-EAF0F6AE1459}.Release|x86.Build.0 = Release|Any CPU
		{49C1883F-9DBF-473E-A508-587E28EE7F2B}.Debug|Any CPU.ActiveCfg = Debug|Any CPU
		{49C1883F-9DBF-473E-A508-587E28EE7F2B}.Debug|Any CPU.Build.0 = Debug|Any CPU
		{49C1883F-9DBF-473E-A508-587E28EE7F2B}.Debug|x64.ActiveCfg = Debug|Any CPU
		{49C1883F-9DBF-473E-A508-587E28EE7F2B}.Debug|x64.Build.0 = Debug|Any CPU
		{49C1883F-9DBF-473E-A508-587E28EE7F2B}.Debug|x86.ActiveCfg = Debug|Any CPU
		{49C1883F-9DBF-473E-A508-587E28EE7F2B}.Debug|x86.Build.0 = Debug|Any CPU
		{49C1883F-9DBF-473E-A508-587E28EE7F2B}.Release|Any CPU.ActiveCfg = Release|Any CPU
		{49C1883F-9DBF-473E-A508-587E28EE7F2B}.Release|Any CPU.Build.0 = Release|Any CPU
		{49C1883F-9DBF-473E-A508-587E28EE7F2B}.Release|x64.ActiveCfg = Release|Any CPU
		{49C1883F-9DBF-473E-A508-587E28EE7F2B}.Release|x64.Build.0 = Release|Any CPU
		{49C1883F-9DBF-473E-A508-587E28EE7F2B}.Release|x86.ActiveCfg = Release|Any CPU
		{49C1883F-9DBF-473E-A508-587E28EE7F2B}.Release|x86.Build.0 = Release|Any CPU
	EndGlobalSection
	GlobalSection(SolutionProperties) = preSolution
		HideSolutionNode = FALSE
	EndGlobalSection
	GlobalSection(ExtensibilityGlobals) = postSolution
		SolutionGuid = {C8FE9001-46D4-44BD-B8F5-CCE6C1B38F47}
	EndGlobalSection
EndGlobal
