<?xml version="1.0" encoding="utf-8"?>
<Project ToolsVersion="4.0" xmlns="http://schemas.microsoft.com/developer/msbuild/2003">
  <ItemGroup>
    <Filter Include="源文件">
      <UniqueIdentifier>{4FC737F1-C7A5-4376-A066-2A32D752A2FF}</UniqueIdentifier>
      <Extensions>cpp;c;cc;cxx;c++;cppm;ixx;def;odl;idl;hpj;bat;asm;asmx</Extensions>
    </Filter>
    <Filter Include="头文件">
      <UniqueIdentifier>{93995380-89BD-4b04-88EB-625FBE52EBFB}</UniqueIdentifier>
      <Extensions>h;hh;hpp;hxx;h++;hm;inl;inc;ipp;xsd</Extensions>
    </Filter>
    <Filter Include="资源文件">
      <UniqueIdentifier>{67DA6AB6-F800-4c08-8B7A-83BB121AAD01}</UniqueIdentifier>
      <Extensions>rc;ico;cur;bmp;dlg;rc2;rct;bin;rgs;gif;jpg;jpeg;jpe;resx;tiff;tif;png;wav;mfcribbon-ms</Extensions>
    </Filter>
    <Filter Include="Win32.Port">
      <UniqueIdentifier>{97d58cb3-a883-4310-b3a6-221b0c11227e}</UniqueIdentifier>
    </Filter>
    <Filter Include="FreeRTOS.Port">
      <UniqueIdentifier>{e9ca88e5-a83d-4a0c-85c0-064d1c38ba50}</UniqueIdentifier>
    </Filter>
  </ItemGroup>
  <ItemGroup>
    <ClInclude Include="EmbedLibrary.h">
      <Filter>头文件</Filter>
    </ClInclude>
    <ClInclude Include="Win32.Port\BlockQueue.h">
      <Filter>Win32.Port</Filter>
    </ClInclude>
  </ItemGroup>
  <ItemGroup>
    <ClCompile Include="Win32.Port\BlockQueue.cpp">
      <Filter>Win32.Port</Filter>
    </ClCompile>
    <ClCompile Include="Win32.Port\El.Win32.Port.cpp">
      <Filter>Win32.Port</Filter>
    </ClCompile>
    <ClCompile Include="FreeRTOS.Port\El.FreeRTOS.Port.cpp">
      <Filter>FreeRTOS.Port</Filter>
    </ClCompile>
  </ItemGroup>
  <ItemGroup>
    <None Include="FreeRTOS.Port\readme.md">
      <Filter>FreeRTOS.Port</Filter>
    </None>
  </ItemGroup>
</Project>