<?xml version="1.0" encoding="utf-8"?>
<Project ToolsVersion="4.0" xmlns="http://schemas.microsoft.com/developer/msbuild/2003">
  <ItemGroup>
    <Filter Include="源文件">
      <UniqueIdentifier>{4FC737F1-C7A5-4376-A066-2A32D752A2FF}</UniqueIdentifier>
      <Extensions>cpp;c;cc;cxx;c++;def;odl;idl;hpj;bat;asm;asmx</Extensions>
    </Filter>
    <Filter Include="头文件">
      <UniqueIdentifier>{93995380-89BD-4b04-88EB-625FBE52EBFB}</UniqueIdentifier>
      <Extensions>h;hh;hpp;hxx;h++;hm;inl;inc;ipp;xsd</Extensions>
    </Filter>
    <Filter Include="资源文件">
      <UniqueIdentifier>{67DA6AB6-F800-4c08-8B7A-83BB121AAD01}</UniqueIdentifier>
      <Extensions>rc;ico;cur;bmp;dlg;rc2;rct;bin;rgs;gif;jpg;jpeg;jpe;resx;tiff;tif;png;wav;mfcribbon-ms</Extensions>
    </Filter>
    <Filter Include="EmbedXrpcLib">
      <UniqueIdentifier>{23b574ec-7517-4861-b360-c5c66ebf2107}</UniqueIdentifier>
    </Filter>
    <Filter Include="CodeGen">
      <UniqueIdentifier>{9556270c-8367-4e31-ba7e-6855be89b8da}</UniqueIdentifier>
    </Filter>
    <Filter Include="EmbedXrpcLib\Win32.Port">
      <UniqueIdentifier>{9b51191d-fbf1-4a84-8813-a17394d9db5f}</UniqueIdentifier>
    </Filter>
    <Filter Include="CodeGen\Client">
      <UniqueIdentifier>{38bb0e5c-0c11-42bf-8380-bec9fb1761a1}</UniqueIdentifier>
    </Filter>
    <Filter Include="CodeGen\Server">
      <UniqueIdentifier>{1f3529d7-6b3d-47ed-adfe-0bf30b68fb62}</UniqueIdentifier>
    </Filter>
    <Filter Include="otherfiles">
      <UniqueIdentifier>{ef0a60cd-7b48-4620-b248-a21c3581822f}</UniqueIdentifier>
    </Filter>
  </ItemGroup>
  <ItemGroup>
    <ClCompile Include="..\EmbedXrpcSerialization\BlockBufferProvider.cpp">
      <Filter>EmbedXrpcLib</Filter>
    </ClCompile>
    <ClCompile Include="..\EmbedXrpcSerialization\EmbedSerialization.cpp">
      <Filter>EmbedXrpcLib</Filter>
    </ClCompile>
    <ClCompile Include="..\EmbedXrpcSerialization\Win32.Port\BlockQueue.cpp">
      <Filter>EmbedXrpcLib\Win32.Port</Filter>
    </ClCompile>
    <ClCompile Include="..\EmbedXrpcSerialization\Win32.Port\Semaphore.cpp">
      <Filter>EmbedXrpcLib\Win32.Port</Filter>
    </ClCompile>
    <ClCompile Include="..\EmbedXrpcSerialization\Win32.Port\Win32EmbedXrpcPort.cpp">
      <Filter>EmbedXrpcLib\Win32.Port</Filter>
    </ClCompile>
    <ClCompile Include="XrpcCodeGen\Sample1.cpp">
      <Filter>CodeGen</Filter>
    </ClCompile>
    <ClCompile Include="XrpcCodeGen\Sample1.EmbedXrpcSerialization.cpp">
      <Filter>CodeGen</Filter>
    </ClCompile>
    <ClCompile Include="XrpcCodeGen\Client\Sample1.Client.cpp">
      <Filter>CodeGen\Client</Filter>
    </ClCompile>
    <ClCompile Include="XrpcCodeGen\Server\Sample1.Server.cpp">
      <Filter>CodeGen\Server</Filter>
    </ClCompile>
    <ClCompile Include="main.cpp">
      <Filter>源文件</Filter>
    </ClCompile>
    <ClCompile Include="..\EmbedXrpcSerialization\ringbuffer.cpp">
      <Filter>EmbedXrpcLib</Filter>
    </ClCompile>
  </ItemGroup>
  <ItemGroup>
    <ClInclude Include="..\EmbedXrpcSerialization\BlockBufferProvider.h">
      <Filter>EmbedXrpcLib</Filter>
    </ClInclude>
    <ClInclude Include="..\EmbedXrpcSerialization\EmbedSerialization.h">
      <Filter>EmbedXrpcLib</Filter>
    </ClInclude>
    <ClInclude Include="..\EmbedXrpcSerialization\EmbedSerialization.Port.h">
      <Filter>EmbedXrpcLib</Filter>
    </ClInclude>
    <ClInclude Include="..\EmbedXrpcSerialization\EmbedXrpcCommon.h">
      <Filter>EmbedXrpcLib</Filter>
    </ClInclude>
    <ClInclude Include="..\EmbedXrpcSerialization\EmbedXrpcObject.h">
      <Filter>EmbedXrpcLib</Filter>
    </ClInclude>
    <ClInclude Include="..\EmbedXrpcSerialization\ringbuffer.h">
      <Filter>EmbedXrpcLib</Filter>
    </ClInclude>
    <ClInclude Include="..\EmbedXrpcSerialization\Win32.Port\BlockQueue.h">
      <Filter>EmbedXrpcLib\Win32.Port</Filter>
    </ClInclude>
    <ClInclude Include="..\EmbedXrpcSerialization\Win32.Port\Semaphore.h">
      <Filter>EmbedXrpcLib\Win32.Port</Filter>
    </ClInclude>
    <ClInclude Include="..\EmbedXrpcSerialization\Win32.Port\Win32EmbedXrpcPort.h">
      <Filter>EmbedXrpcLib\Win32.Port</Filter>
    </ClInclude>
    <ClInclude Include="XrpcCodeGen\Sample1.EmbedXrpcSerialization.h">
      <Filter>CodeGen</Filter>
    </ClInclude>
    <ClInclude Include="XrpcCodeGen\Sample1.h">
      <Filter>CodeGen</Filter>
    </ClInclude>
    <ClInclude Include="XrpcCodeGen\Client\Sample1.Client.h">
      <Filter>CodeGen\Client</Filter>
    </ClInclude>
    <ClInclude Include="XrpcCodeGen\Server\Sample1.Server.h">
      <Filter>CodeGen\Server</Filter>
    </ClInclude>
    <ClInclude Include="XrpcCodeGen\EmbedXrpcVersion.h">
      <Filter>CodeGen</Filter>
    </ClInclude>
  </ItemGroup>
  <ItemGroup>
    <None Include="cmd.bat">
      <Filter>otherfiles</Filter>
    </None>
    <None Include="sample1.cs">
      <Filter>otherfiles</Filter>
    </None>
  </ItemGroup>
</Project>