<?xml version="1.0" encoding="utf-8"?>
<Project ToolsVersion="4.0" xmlns="http://schemas.microsoft.com/developer/msbuild/2003">
  <ItemGroup>
    <Filter Include="源文件">
      <UniqueIdentifier>{4FC737F1-C7A5-4376-A066-2A32D752A2FF}</UniqueIdentifier>
      <Extensions>cpp;c;cc;cxx;def;odl;idl;hpj;bat;asm;asmx</Extensions>
    </Filter>
    <Filter Include="头文件">
      <UniqueIdentifier>{93995380-89BD-4b04-88EB-625FBE52EBFB}</UniqueIdentifier>
      <Extensions>h;hh;hpp;hxx;hm;inl;inc;ipp;xsd</Extensions>
    </Filter>
    <Filter Include="资源文件">
      <UniqueIdentifier>{67DA6AB6-F800-4c08-8B7A-83BB121AAD01}</UniqueIdentifier>
      <Extensions>rc;ico;cur;bmp;dlg;rc2;rct;bin;rgs;gif;jpg;jpeg;jpe;resx;tiff;tif;png;wav;mfcribbon-ms</Extensions>
    </Filter>
    <Filter Include="RT-Thread.Port">
      <UniqueIdentifier>{4bf34064-42b4-4a2b-81c0-27509d20458f}</UniqueIdentifier>
    </Filter>
    <Filter Include="WIN32.Port">
      <UniqueIdentifier>{6b9ce4e7-5552-4c3a-ac35-c0c06e13c36d}</UniqueIdentifier>
    </Filter>
    <Filter Include="FreeRTOS.Port">
      <UniqueIdentifier>{7d8b3a85-8344-441d-af5d-9f9024b75377}</UniqueIdentifier>
    </Filter>
  </ItemGroup>
  <ItemGroup>
    <ClInclude Include="EmbedXrpc.Port.h">
      <Filter>头文件</Filter>
    </ClInclude>
    <ClInclude Include="EmbedXrpcCommon.h">
      <Filter>头文件</Filter>
    </ClInclude>
    <ClInclude Include="EmbedXrpcServerObject.h">
      <Filter>头文件</Filter>
    </ClInclude>
    <ClInclude Include="EmbedSerialization.h">
      <Filter>头文件</Filter>
    </ClInclude>
    <ClInclude Include="EmbedSerialization.Port.h">
      <Filter>头文件</Filter>
    </ClInclude>
    <ClInclude Include="BlockBufferProvider.h">
      <Filter>头文件</Filter>
    </ClInclude>
    <ClInclude Include="ringbuffer.h">
      <Filter>头文件</Filter>
    </ClInclude>
    <ClInclude Include="Win32Port\BlockQueue.h">
      <Filter>WIN32.Port</Filter>
    </ClInclude>
    <ClInclude Include="Win32Port\Win32EmbedXrpcPort.h">
      <Filter>WIN32.Port</Filter>
    </ClInclude>
    <ClInclude Include="RT-Thread.Port\EmbedXrpcPort.Rtt.h">
      <Filter>RT-Thread.Port</Filter>
    </ClInclude>
    <ClInclude Include="FreeRTOS.Port\EmbedXrpcPort.FreeRTOS.h">
      <Filter>FreeRTOS.Port</Filter>
    </ClInclude>
    <ClInclude Include="EmbedXrpcObject.h">
      <Filter>头文件</Filter>
    </ClInclude>
    <ClInclude Include="Win32Port\Semaphore.h">
      <Filter>WIN32.Port</Filter>
    </ClInclude>
  </ItemGroup>
  <ItemGroup>
    <ClCompile Include="test.cpp">
      <Filter>源文件</Filter>
    </ClCompile>
    <ClCompile Include="EmbedXrpc.Port.cpp">
      <Filter>源文件</Filter>
    </ClCompile>
    <ClCompile Include="EmbedSerialization.cpp">
      <Filter>源文件</Filter>
    </ClCompile>
    <ClCompile Include="BlockBufferProvider.cpp">
      <Filter>源文件</Filter>
    </ClCompile>
    <ClCompile Include="ringbuffer.c">
      <Filter>源文件</Filter>
    </ClCompile>
    <ClCompile Include="Win32Port\BlockQueue.cpp">
      <Filter>WIN32.Port</Filter>
    </ClCompile>
    <ClCompile Include="Win32Port\Win32EmbedXrpcPort.cpp">
      <Filter>WIN32.Port</Filter>
    </ClCompile>
    <ClCompile Include="RT-Thread.Port\EmbedXrpcPort.Rtt.cpp">
      <Filter>RT-Thread.Port</Filter>
    </ClCompile>
    <ClCompile Include="FreeRTOS.Port\EmbedXrpcPort.FreeRTOS.cpp">
      <Filter>FreeRTOS.Port</Filter>
    </ClCompile>
    <ClCompile Include="Win32Port\Semaphore.cpp">
      <Filter>WIN32.Port</Filter>
    </ClCompile>
  </ItemGroup>
  <ItemGroup>
    <None Include="FreeRTOS.Port\readme.md">
      <Filter>FreeRTOS.Port</Filter>
    </None>
  </ItemGroup>
</Project>